
Microsoft Visual Studio Solution File, Format Version 12.00
# Visual Studio Version 16
VisualStudioVersion = 16.0.31005.135
MinimumVisualStudioVersion = 10.0.40219.1
Project("{FAE04EC0-301F-11D3-BF4B-00C04F79EFBC}") = "Curso API-2", "Curso API-2\Curso API-2.csproj", "{51119FFB-CE12-4D55-9411-887F51F0F785}"
EndProject
Global
	GlobalSection(SolutionConfigurationPlatforms) = preSolution
		Debug|Any CPU = Debug|Any CPU
		Release|Any CPU = Release|Any CPU
	EndGlobalSection
	GlobalSection(ProjectConfigurationPlatforms) = postSolution
		{51119FFB-CE12-4D55-9411-887F51F0F785}.Debug|Any CPU.ActiveCfg = Debug|Any CPU
		{51119FFB-CE12-4D55-9411-887F51F0F785}.Debug|Any CPU.Build.0 = Debug|Any CPU
		{51119FFB-CE12-4D55-9411-887F51F0F785}.Release|Any CPU.ActiveCfg = Release|Any CPU
		{51119FFB-CE12-4D55-9411-887F51F0F785}.Release|Any CPU.Build.0 = Release|Any CPU
	EndGlobalSection
	GlobalSection(SolutionProperties) = preSolution
		HideSolutionNode = FALSE
	EndGlobalSection
	GlobalSection(ExtensibilityGlobals) = postSolution
		SolutionGuid = {19F811AD-4A17-477E-A09E-A264CDF84A6B}
	EndGlobalSection
EndGlobal
