
Microsoft Visual Studio Solution File, Format Version 12.00
# Visual Studio Version 16
VisualStudioVersion = 16.0.30907.101
MinimumVisualStudioVersion = 10.0.40219.1
Project("{FAE04EC0-301F-11D3-BF4B-00C04F79EFBC}") = "ApiCurso", "ApiCurso\ApiCurso.csproj", "{34CDD761-BC41-4A45-9188-A709183B1B46}"
EndProject
Global
	GlobalSection(SolutionConfigurationPlatforms) = preSolution
		Debug|Any CPU = Debug|Any CPU
		Release|Any CPU = Release|Any CPU
	EndGlobalSection
	GlobalSection(ProjectConfigurationPlatforms) = postSolution
		{34CDD761-BC41-4A45-9188-A709183B1B46}.Debug|Any CPU.ActiveCfg = Debug|Any CPU
		{34CDD761-BC41-4A45-9188-A709183B1B46}.Debug|Any CPU.Build.0 = Debug|Any CPU
		{34CDD761-BC41-4A45-9188-A709183B1B46}.Release|Any CPU.ActiveCfg = Release|Any CPU
		{34CDD761-BC41-4A45-9188-A709183B1B46}.Release|Any CPU.Build.0 = Release|Any CPU
	EndGlobalSection
	GlobalSection(SolutionProperties) = preSolution
		HideSolutionNode = FALSE
	EndGlobalSection
	GlobalSection(ExtensibilityGlobals) = postSolution
		SolutionGuid = {E803F1B1-8E79-4B34-B917-55E3EE20E3EE}
	EndGlobalSection
EndGlobal
